
Microsoft Visual Studio Solution File, Format Version 12.00
# Visual Studio 15
VisualStudioVersion = 15.0.28307.1022
MinimumVisualStudioVersion = 10.0.40219.1
Project("{8BC9CEB8-8B4A-11D0-8D11-00A0C91BC942}") = "20200515text", "20200515text\20200515text.vcxproj", "{B7524F1C-7C1B-47A5-8542-06D8D58EF156}"
EndProject
Global
	GlobalSection(SolutionConfigurationPlatforms) = preSolution
		Debug|x64 = Debug|x64
		Debug|x86 = Debug|x86
		Release|x64 = Release|x64
		Release|x86 = Release|x86
	EndGlobalSection
	GlobalSection(ProjectConfigurationPlatforms) = postSolution
		{B7524F1C-7C1B-47A5-8542-06D8D58EF156}.Debug|x64.ActiveCfg = Debug|x64
		{B7524F1C-7C1B-47A5-8542-06D8D58EF156}.Debug|x64.Build.0 = Debug|x64
		{B7524F1C-7C1B-47A5-8542-06D8D58EF156}.Debug|x86.ActiveCfg = Debug|Win32
		{B7524F1C-7C1B-47A5-8542-06D8D58EF156}.Debug|x86.Build.0 = Debug|Win32
		{B7524F1C-7C1B-47A5-8542-06D8D58EF156}.Release|x64.ActiveCfg = Release|x64
		{B7524F1C-7C1B-47A5-8542-06D8D58EF156}.Release|x64.Build.0 = Release|x64
		{B7524F1C-7C1B-47A5-8542-06D8D58EF156}.Release|x86.ActiveCfg = Release|Win32
		{B7524F1C-7C1B-47A5-8542-06D8D58EF156}.Release|x86.Build.0 = Release|Win32
	EndGlobalSection
	GlobalSection(SolutionProperties) = preSolution
		HideSolutionNode = FALSE
	EndGlobalSection
	GlobalSection(ExtensibilityGlobals) = postSolution
		SolutionGuid = {4838F5D9-73E0-46F4-B171-956B80A20750}
	EndGlobalSection
EndGlobal
